
Microsoft Visual Studio Solution File, Format Version 12.00
# Visual Studio Version 16
VisualStudioVersion = 16.0.30114.105
MinimumVisualStudioVersion = 10.0.40219.1
Project("{FAE04EC0-301F-11D3-BF4B-00C04F79EFBC}") = "discordcs.core", "discordcs.core\discordcs.core.csproj", "{3A9BD9B5-6192-40FE-BA61-E55662A9A044}"
EndProject
Project("{FAE04EC0-301F-11D3-BF4B-00C04F79EFBC}") = "discordcs.infrastructure", "discordcs.infrastructure\discordcs.infrastructure.csproj", "{96153A52-1872-430E-AF41-5C4EC70A7DD6}"
EndProject
Project("{FAE04EC0-301F-11D3-BF4B-00C04F79EFBC}") = "discordcs.test", "discordcs.test\discordcs.test.csproj", "{EDD2C8ED-A67C-45A9-809E-7EC9B8DC1F33}"
EndProject
Global
	GlobalSection(SolutionConfigurationPlatforms) = preSolution
		Debug|Any CPU = Debug|Any CPU
		Release|Any CPU = Release|Any CPU
	EndGlobalSection
	GlobalSection(SolutionProperties) = preSolution
		HideSolutionNode = FALSE
	EndGlobalSection
	GlobalSection(ProjectConfigurationPlatforms) = postSolution
		{3A9BD9B5-6192-40FE-BA61-E55662A9A044}.Debug|Any CPU.ActiveCfg = Debug|Any CPU
		{3A9BD9B5-6192-40FE-BA61-E55662A9A044}.Debug|Any CPU.Build.0 = Debug|Any CPU
		{3A9BD9B5-6192-40FE-BA61-E55662A9A044}.Release|Any CPU.ActiveCfg = Release|Any CPU
		{3A9BD9B5-6192-40FE-BA61-E55662A9A044}.Release|Any CPU.Build.0 = Release|Any CPU
		{96153A52-1872-430E-AF41-5C4EC70A7DD6}.Debug|Any CPU.ActiveCfg = Debug|Any CPU
		{96153A52-1872-430E-AF41-5C4EC70A7DD6}.Debug|Any CPU.Build.0 = Debug|Any CPU
		{96153A52-1872-430E-AF41-5C4EC70A7DD6}.Release|Any CPU.ActiveCfg = Release|Any CPU
		{96153A52-1872-430E-AF41-5C4EC70A7DD6}.Release|Any CPU.Build.0 = Release|Any CPU
		{EDD2C8ED-A67C-45A9-809E-7EC9B8DC1F33}.Debug|Any CPU.ActiveCfg = Debug|Any CPU
		{EDD2C8ED-A67C-45A9-809E-7EC9B8DC1F33}.Debug|Any CPU.Build.0 = Debug|Any CPU
		{EDD2C8ED-A67C-45A9-809E-7EC9B8DC1F33}.Release|Any CPU.ActiveCfg = Release|Any CPU
		{EDD2C8ED-A67C-45A9-809E-7EC9B8DC1F33}.Release|Any CPU.Build.0 = Release|Any CPU
	EndGlobalSection
EndGlobal
